
Microsoft Visual Studio Solution File, Format Version 12.00
# Visual Studio Version 17
VisualStudioVersion = 17.3.32901.215
MinimumVisualStudioVersion = 10.0.40219.1
Project("{9A19103F-16F7-4668-BE54-9A1E7A4F7556}") = "MyProject.Repositories", "MyProject\MyProject.Repositories.csproj", "{9664717B-D14B-4D23-B338-20CBB9DB78DE}"
EndProject
Project("{9A19103F-16F7-4668-BE54-9A1E7A4F7556}") = "MyProject.Services", "MyProject.Services\MyProject.Services.csproj", "{CA3F4549-DC4F-4761-8446-3338AC4429EC}"
EndProject
Project("{9A19103F-16F7-4668-BE54-9A1E7A4F7556}") = "MyProject.Common", "MyProject.Common\MyProject.Common.csproj", "{725F417B-361A-4361-BBD7-1B84ED296102}"
EndProject
Project("{9A19103F-16F7-4668-BE54-9A1E7A4F7556}") = "MyProject.WebAPI", "MyProject.WebAPI\MyProject.WebAPI.csproj", "{C3187E51-32AD-4533-8075-5227634C0001}"
EndProject
Project("{9A19103F-16F7-4668-BE54-9A1E7A4F7556}") = "MyProject.Context", "MyProject,Context\MyProject.Context.csproj", "{2395FF47-A02C-401F-818C-6BC3AD557049}"
EndProject
Global
	GlobalSection(SolutionConfigurationPlatforms) = preSolution
		Debug|Any CPU = Debug|Any CPU
		Release|Any CPU = Release|Any CPU
	EndGlobalSection
	GlobalSection(ProjectConfigurationPlatforms) = postSolution
		{9664717B-D14B-4D23-B338-20CBB9DB78DE}.Debug|Any CPU.ActiveCfg = Debug|Any CPU
		{9664717B-D14B-4D23-B338-20CBB9DB78DE}.Debug|Any CPU.Build.0 = Debug|Any CPU
		{9664717B-D14B-4D23-B338-20CBB9DB78DE}.Release|Any CPU.ActiveCfg = Release|Any CPU
		{9664717B-D14B-4D23-B338-20CBB9DB78DE}.Release|Any CPU.Build.0 = Release|Any CPU
		{CA3F4549-DC4F-4761-8446-3338AC4429EC}.Debug|Any CPU.ActiveCfg = Debug|Any CPU
		{CA3F4549-DC4F-4761-8446-3338AC4429EC}.Debug|Any CPU.Build.0 = Debug|Any CPU
		{CA3F4549-DC4F-4761-8446-3338AC4429EC}.Release|Any CPU.ActiveCfg = Release|Any CPU
		{CA3F4549-DC4F-4761-8446-3338AC4429EC}.Release|Any CPU.Build.0 = Release|Any CPU
		{725F417B-361A-4361-BBD7-1B84ED296102}.Debug|Any CPU.ActiveCfg = Debug|Any CPU
		{725F417B-361A-4361-BBD7-1B84ED296102}.Debug|Any CPU.Build.0 = Debug|Any CPU
		{725F417B-361A-4361-BBD7-1B84ED296102}.Release|Any CPU.ActiveCfg = Release|Any CPU
		{725F417B-361A-4361-BBD7-1B84ED296102}.Release|Any CPU.Build.0 = Release|Any CPU
		{C3187E51-32AD-4533-8075-5227634C0001}.Debug|Any CPU.ActiveCfg = Debug|Any CPU
		{C3187E51-32AD-4533-8075-5227634C0001}.Debug|Any CPU.Build.0 = Debug|Any CPU
		{C3187E51-32AD-4533-8075-5227634C0001}.Release|Any CPU.ActiveCfg = Release|Any CPU
		{C3187E51-32AD-4533-8075-5227634C0001}.Release|Any CPU.Build.0 = Release|Any CPU
		{2395FF47-A02C-401F-818C-6BC3AD557049}.Debug|Any CPU.ActiveCfg = Debug|Any CPU
		{2395FF47-A02C-401F-818C-6BC3AD557049}.Debug|Any CPU.Build.0 = Debug|Any CPU
		{2395FF47-A02C-401F-818C-6BC3AD557049}.Release|Any CPU.ActiveCfg = Release|Any CPU
		{2395FF47-A02C-401F-818C-6BC3AD557049}.Release|Any CPU.Build.0 = Release|Any CPU
	EndGlobalSection
	GlobalSection(SolutionProperties) = preSolution
		HideSolutionNode = FALSE
	EndGlobalSection
	GlobalSection(ExtensibilityGlobals) = postSolution
		SolutionGuid = {9DCEC419-B6AA-4455-96AA-F1F92E8362D6}
	EndGlobalSection
EndGlobal
